
Microsoft Visual Studio Solution File, Format Version 12.00
# Visual Studio 14
VisualStudioVersion = 14.0.23107.0
MinimumVisualStudioVersion = 10.0.40219.1
Project("{2150E333-8FDC-42A3-9474-1A3956D46DE8}") = "BindingUpdates", "BindingUpdates", "{AF5DE4FF-02F7-4567-B62B-EFDB57E5439F}"
EndProject
Project("{D954291E-2A0B-460D-934E-DC6B0785DB48}") = "BindingUpdates.Shared", "BindingUpdates\BindingUpdates.Shared\BindingUpdates.Shared.shproj", "{0C6561A8-7BBF-4654-898D-B9CDA84564FE}"
EndProject
Project("{FAE04EC0-301F-11D3-BF4B-00C04F79EFBC}") = "BindingUpdates.Windows", "BindingUpdates\BindingUpdates.Windows\BindingUpdates.Windows.csproj", "{36CF8D78-35F1-4D7C-8949-3B90B638A252}"
EndProject
Global
	GlobalSection(SharedMSBuildProjectFiles) = preSolution
		BindingUpdates\BindingUpdates.Shared\BindingUpdates.Shared.projitems*{0c6561a8-7bbf-4654-898d-b9cda84564fe}*SharedItemsImports = 13
		BindingUpdates\BindingUpdates.Shared\BindingUpdates.Shared.projitems*{36cf8d78-35f1-4d7c-8949-3b90b638a252}*SharedItemsImports = 4
	EndGlobalSection
	GlobalSection(SolutionConfigurationPlatforms) = preSolution
		Debug|Any CPU = Debug|Any CPU
		Debug|ARM = Debug|ARM
		Debug|x64 = Debug|x64
		Debug|x86 = Debug|x86
		Release|Any CPU = Release|Any CPU
		Release|ARM = Release|ARM
		Release|x64 = Release|x64
		Release|x86 = Release|x86
	EndGlobalSection
	GlobalSection(ProjectConfigurationPlatforms) = postSolution
		{36CF8D78-35F1-4D7C-8949-3B90B638A252}.Debug|Any CPU.ActiveCfg = Debug|Any CPU
		{36CF8D78-35F1-4D7C-8949-3B90B638A252}.Debug|Any CPU.Build.0 = Debug|Any CPU
		{36CF8D78-35F1-4D7C-8949-3B90B638A252}.Debug|Any CPU.Deploy.0 = Debug|Any CPU
		{36CF8D78-35F1-4D7C-8949-3B90B638A252}.Debug|ARM.ActiveCfg = Debug|ARM
		{36CF8D78-35F1-4D7C-8949-3B90B638A252}.Debug|ARM.Build.0 = Debug|ARM
		{36CF8D78-35F1-4D7C-8949-3B90B638A252}.Debug|ARM.Deploy.0 = Debug|ARM
		{36CF8D78-35F1-4D7C-8949-3B90B638A252}.Debug|x64.ActiveCfg = Debug|x64
		{36CF8D78-35F1-4D7C-8949-3B90B638A252}.Debug|x64.Build.0 = Debug|x64
		{36CF8D78-35F1-4D7C-8949-3B90B638A252}.Debug|x64.Deploy.0 = Debug|x64
		{36CF8D78-35F1-4D7C-8949-3B90B638A252}.Debug|x86.ActiveCfg = Debug|x86
		{36CF8D78-35F1-4D7C-8949-3B90B638A252}.Debug|x86.Build.0 = Debug|x86
		{36CF8D78-35F1-4D7C-8949-3B90B638A252}.Debug|x86.Deploy.0 = Debug|x86
		{36CF8D78-35F1-4D7C-8949-3B90B638A252}.Release|Any CPU.ActiveCfg = Release|Any CPU
		{36CF8D78-35F1-4D7C-8949-3B90B638A252}.Release|Any CPU.Build.0 = Release|Any CPU
		{36CF8D78-35F1-4D7C-8949-3B90B638A252}.Release|Any CPU.Deploy.0 = Release|Any CPU
		{36CF8D78-35F1-4D7C-8949-3B90B638A252}.Release|ARM.ActiveCfg = Release|ARM
		{36CF8D78-35F1-4D7C-8949-3B90B638A252}.Release|ARM.Build.0 = Release|ARM
		{36CF8D78-35F1-4D7C-8949-3B90B638A252}.Release|ARM.Deploy.0 = Release|ARM
		{36CF8D78-35F1-4D7C-8949-3B90B638A252}.Release|x64.ActiveCfg = Release|x64
		{36CF8D78-35F1-4D7C-8949-3B90B638A252}.Release|x64.Build.0 = Release|x64
		{36CF8D78-35F1-4D7C-8949-3B90B638A252}.Release|x64.Deploy.0 = Release|x64
		{36CF8D78-35F1-4D7C-8949-3B90B638A252}.Release|x86.ActiveCfg = Release|x86
		{36CF8D78-35F1-4D7C-8949-3B90B638A252}.Release|x86.Build.0 = Release|x86
		{36CF8D78-35F1-4D7C-8949-3B90B638A252}.Release|x86.Deploy.0 = Release|x86
	EndGlobalSection
	GlobalSection(SolutionProperties) = preSolution
		HideSolutionNode = FALSE
	EndGlobalSection
	GlobalSection(NestedProjects) = preSolution
		{0C6561A8-7BBF-4654-898D-B9CDA84564FE} = {AF5DE4FF-02F7-4567-B62B-EFDB57E5439F}
		{36CF8D78-35F1-4D7C-8949-3B90B638A252} = {AF5DE4FF-02F7-4567-B62B-EFDB57E5439F}
	EndGlobalSection
EndGlobal
